// !$*UTF8*$!
{
	archiveVersion = 1;
	classes = {
	};
	objectVersion = 50;
	objects = {

/* Begin PBXBuildFile section */
		A636C4F7232BBD7100695A25 /* AppDelegate.swift in Sources */ = {isa = PBXBuildFile; fileRef = A636C4F6232BBD7100695A25 /* AppDelegate.swift */; };
		A636C4F9232BBD7100695A25 /* MainViewController.swift in Sources */ = {isa = PBXBuildFile; fileRef = A636C4F8232BBD7100695A25 /* MainViewController.swift */; };
		A636C4FC232BBD7100695A25 /* Main.storyboard in Resources */ = {isa = PBXBuildFile; fileRef = A636C4FA232BBD7100695A25 /* Main.storyboard */; };
		A636C4FE232BBD7100695A25 /* Assets.xcassets in Resources */ = {isa = PBXBuildFile; fileRef = A636C4FD232BBD7100695A25 /* Assets.xcassets */; };
		A636C501232BBD7100695A25 /* LaunchScreen.storyboard in Resources */ = {isa = PBXBuildFile; fileRef = A636C4FF232BBD7100695A25 /* LaunchScreen.storyboard */; };
		A636C50C232BBD7200695A25 /* NetworkClientTests.swift in Sources */ = {isa = PBXBuildFile; fileRef = A636C50B232BBD7200695A25 /* NetworkClientTests.swift */; };
		A636C51D232BBECC00695A25 /* DataResponseError.swift in Sources */ = {isa = PBXBuildFile; fileRef = A636C51C232BBECC00695A25 /* DataResponseError.swift */; };
		A636C51F232BBEEE00695A25 /* NetworkClient.swift in Sources */ = {isa = PBXBuildFile; fileRef = A636C51E232BBEEE00695A25 /* NetworkClient.swift */; };
		A636C521232BC15C00695A25 /* Movies.swift in Sources */ = {isa = PBXBuildFile; fileRef = A636C520232BC15C00695A25 /* Movies.swift */; };
		A636C523232BC17C00695A25 /* Movie.swift in Sources */ = {isa = PBXBuildFile; fileRef = A636C522232BC17C00695A25 /* Movie.swift */; };
		A636C525232BC19000695A25 /* Dates.swift in Sources */ = {isa = PBXBuildFile; fileRef = A636C524232BC19000695A25 /* Dates.swift */; };
		A636C527232BC63900695A25 /* API_URLS.swift in Sources */ = {isa = PBXBuildFile; fileRef = A636C526232BC63900695A25 /* API_URLS.swift */; };
		A636C52B232BE3C400695A25 /* ViewModelsTests.swift in Sources */ = {isa = PBXBuildFile; fileRef = A636C52A232BE3C400695A25 /* ViewModelsTests.swift */; };
		A636C52D232BE88E00695A25 /* AlertDisplayer.swift in Sources */ = {isa = PBXBuildFile; fileRef = A636C52C232BE88E00695A25 /* AlertDisplayer.swift */; };
		A636C52F232BE8E700695A25 /* NowPlayingViewModel.swift in Sources */ = {isa = PBXBuildFile; fileRef = A636C52E232BE8E700695A25 /* NowPlayingViewModel.swift */; };
		A636C531232BEFE600695A25 /* BaseCollectionViewController.swift in Sources */ = {isa = PBXBuildFile; fileRef = A636C530232BEFE600695A25 /* BaseCollectionViewController.swift */; };
		A636C535232BF10100695A25 /* MovieCollectionViewCell.swift in Sources */ = {isa = PBXBuildFile; fileRef = A636C533232BF10100695A25 /* MovieCollectionViewCell.swift */; };
		A636C536232BF10100695A25 /* MovieCollectionViewCell.xib in Resources */ = {isa = PBXBuildFile; fileRef = A636C534232BF10100695A25 /* MovieCollectionViewCell.xib */; };
		A636C538232BF15F00695A25 /* UIImageView+Extension.swift in Sources */ = {isa = PBXBuildFile; fileRef = A636C537232BF15F00695A25 /* UIImageView+Extension.swift */; };
		A636C53A232BF42200695A25 /* MovieDetailsViewController.swift in Sources */ = {isa = PBXBuildFile; fileRef = A636C539232BF42200695A25 /* MovieDetailsViewController.swift */; };
/* End PBXBuildFile section */

/* Begin PBXContainerItemProxy section */
		A636C508232BBD7200695A25 /* PBXContainerItemProxy */ = {
			isa = PBXContainerItemProxy;
			containerPortal = A636C4EB232BBD7100695A25 /* Project object */;
			proxyType = 1;
			remoteGlobalIDString = A636C4F2232BBD7100695A25;
			remoteInfo = Movies;
		};
/* End PBXContainerItemProxy section */

/* Begin PBXFileReference section */
		A636C4F3232BBD7100695A25 /* Movies.app */ = {isa = PBXFileReference; explicitFileType = wrapper.application; includeInIndex = 0; path = Movies.app; sourceTree = BUILT_PRODUCTS_DIR; };
		A636C4F6232BBD7100695A25 /* AppDelegate.swift */ = {isa = PBXFileReference; lastKnownFileType = sourcecode.swift; path = AppDelegate.swift; sourceTree = "<group>"; };
		A636C4F8232BBD7100695A25 /* MainViewController.swift */ = {isa = PBXFileReference; lastKnownFileType = sourcecode.swift; path = MainViewController.swift; sourceTree = "<group>"; };
		A636C4FB232BBD7100695A25 /* Base */ = {isa = PBXFileReference; lastKnownFileType = file.storyboard; name = Base; path = Base.lproj/Main.storyboard; sourceTree = "<group>"; };
		A636C4FD232BBD7100695A25 /* Assets.xcassets */ = {isa = PBXFileReference; lastKnownFileType = folder.assetcatalog; path = Assets.xcassets; sourceTree = "<group>"; };
		A636C500232BBD7100695A25 /* Base */ = {isa = PBXFileReference; lastKnownFileType = file.storyboard; name = Base; path = Base.lproj/LaunchScreen.storyboard; sourceTree = "<group>"; };
		A636C502232BBD7100695A25 /* Info.plist */ = {isa = PBXFileReference; lastKnownFileType = text.plist.xml; path = Info.plist; sourceTree = "<group>"; };
		A636C507232BBD7200695A25 /* MoviesTests.xctest */ = {isa = PBXFileReference; explicitFileType = wrapper.cfbundle; includeInIndex = 0; path = MoviesTests.xctest; sourceTree = BUILT_PRODUCTS_DIR; };
		A636C50B232BBD7200695A25 /* NetworkClientTests.swift */ = {isa = PBXFileReference; lastKnownFileType = sourcecode.swift; path = NetworkClientTests.swift; sourceTree = "<group>"; };
		A636C50D232BBD7200695A25 /* Info.plist */ = {isa = PBXFileReference; lastKnownFileType = text.plist.xml; path = Info.plist; sourceTree = "<group>"; };
		A636C51C232BBECC00695A25 /* DataResponseError.swift */ = {isa = PBXFileReference; lastKnownFileType = sourcecode.swift; path = DataResponseError.swift; sourceTree = "<group>"; };
		A636C51E232BBEEE00695A25 /* NetworkClient.swift */ = {isa = PBXFileReference; lastKnownFileType = sourcecode.swift; path = NetworkClient.swift; sourceTree = "<group>"; };
		A636C520232BC15C00695A25 /* Movies.swift */ = {isa = PBXFileReference; lastKnownFileType = sourcecode.swift; path = Movies.swift; sourceTree = "<group>"; };
		A636C522232BC17C00695A25 /* Movie.swift */ = {isa = PBXFileReference; lastKnownFileType = sourcecode.swift; path = Movie.swift; sourceTree = "<group>"; };
		A636C524232BC19000695A25 /* Dates.swift */ = {isa = PBXFileReference; lastKnownFileType = sourcecode.swift; path = Dates.swift; sourceTree = "<group>"; };
		A636C526232BC63900695A25 /* API_URLS.swift */ = {isa = PBXFileReference; lastKnownFileType = sourcecode.swift; path = API_URLS.swift; sourceTree = "<group>"; };
		A636C52A232BE3C400695A25 /* ViewModelsTests.swift */ = {isa = PBXFileReference; lastKnownFileType = sourcecode.swift; path = ViewModelsTests.swift; sourceTree = "<group>"; };
		A636C52C232BE88E00695A25 /* AlertDisplayer.swift */ = {isa = PBXFileReference; lastKnownFileType = sourcecode.swift; path = AlertDisplayer.swift; sourceTree = "<group>"; };
		A636C52E232BE8E700695A25 /* NowPlayingViewModel.swift */ = {isa = PBXFileReference; lastKnownFileType = sourcecode.swift; path = NowPlayingViewModel.swift; sourceTree = "<group>"; };
		A636C530232BEFE600695A25 /* BaseCollectionViewController.swift */ = {isa = PBXFileReference; lastKnownFileType = sourcecode.swift; path = BaseCollectionViewController.swift; sourceTree = "<group>"; };
		A636C533232BF10100695A25 /* MovieCollectionViewCell.swift */ = {isa = PBXFileReference; lastKnownFileType = sourcecode.swift; path = MovieCollectionViewCell.swift; sourceTree = "<group>"; };
		A636C534232BF10100695A25 /* MovieCollectionViewCell.xib */ = {isa = PBXFileReference; lastKnownFileType = file.xib; path = MovieCollectionViewCell.xib; sourceTree = "<group>"; };
		A636C537232BF15F00695A25 /* UIImageView+Extension.swift */ = {isa = PBXFileReference; lastKnownFileType = sourcecode.swift; path = "UIImageView+Extension.swift"; sourceTree = "<group>"; };
		A636C539232BF42200695A25 /* MovieDetailsViewController.swift */ = {isa = PBXFileReference; lastKnownFileType = sourcecode.swift; path = MovieDetailsViewController.swift; sourceTree = "<group>"; };
/* End PBXFileReference section */

/* Begin PBXFrameworksBuildPhase section */
		A636C4F0232BBD7100695A25 /* Frameworks */ = {
			isa = PBXFrameworksBuildPhase;
			buildActionMask = 2147483647;
			files = (
			);
			runOnlyForDeploymentPostprocessing = 0;
		};
		A636C504232BBD7200695A25 /* Frameworks */ = {
			isa = PBXFrameworksBuildPhase;
			buildActionMask = 2147483647;
			files = (
			);
			runOnlyForDeploymentPostprocessing = 0;
		};
/* End PBXFrameworksBuildPhase section */

/* Begin PBXGroup section */
		A636C4EA232BBD7100695A25 = {
			isa = PBXGroup;
			children = (
				A636C4F5232BBD7100695A25 /* Movies */,
				A636C50A232BBD7200695A25 /* MoviesTests */,
				A636C4F4232BBD7100695A25 /* Products */,
			);
			sourceTree = "<group>";
		};
		A636C4F4232BBD7100695A25 /* Products */ = {
			isa = PBXGroup;
			children = (
				A636C4F3232BBD7100695A25 /* Movies.app */,
				A636C507232BBD7200695A25 /* MoviesTests.xctest */,
			);
			name = Products;
			sourceTree = "<group>";
		};
		A636C4F5232BBD7100695A25 /* Movies */ = {
			isa = PBXGroup;
			children = (
				A636C4F6232BBD7100695A25 /* AppDelegate.swift */,
				A636C51B232BBEAB00695A25 /* Networking */,
				A636C51A232BBE6600695A25 /* Utility */,
				A636C532232BF0DB00695A25 /* Views */,
				A636C519232BBE4200695A25 /* ViewModels */,
				A636C517232BBDDC00695A25 /* ViewControllers */,
				A636C518232BBE2000695A25 /* Models */,
				A636C516232BBDC600695A25 /* Storyboards */,
				A636C4FD232BBD7100695A25 /* Assets.xcassets */,
				A636C502232BBD7100695A25 /* Info.plist */,
			);
			path = Movies;
			sourceTree = "<group>";
		};
		A636C50A232BBD7200695A25 /* MoviesTests */ = {
			isa = PBXGroup;
			children = (
				A636C50B232BBD7200695A25 /* NetworkClientTests.swift */,
				A636C52A232BE3C400695A25 /* ViewModelsTests.swift */,
				A636C50D232BBD7200695A25 /* Info.plist */,
			);
			path = MoviesTests;
			sourceTree = "<group>";
		};
		A636C516232BBDC600695A25 /* Storyboards */ = {
			isa = PBXGroup;
			children = (
				A636C4FA232BBD7100695A25 /* Main.storyboard */,
				A636C4FF232BBD7100695A25 /* LaunchScreen.storyboard */,
			);
			path = Storyboards;
			sourceTree = "<group>";
		};
		A636C517232BBDDC00695A25 /* ViewControllers */ = {
			isa = PBXGroup;
			children = (
				A636C4F8232BBD7100695A25 /* MainViewController.swift */,
				A636C530232BEFE600695A25 /* BaseCollectionViewController.swift */,
				A636C539232BF42200695A25 /* MovieDetailsViewController.swift */,
			);
			path = ViewControllers;
			sourceTree = "<group>";
		};
		A636C518232BBE2000695A25 /* Models */ = {
			isa = PBXGroup;
			children = (
				A636C520232BC15C00695A25 /* Movies.swift */,
				A636C522232BC17C00695A25 /* Movie.swift */,
				A636C524232BC19000695A25 /* Dates.swift */,
			);
			path = Models;
			sourceTree = "<group>";
		};
		A636C519232BBE4200695A25 /* ViewModels */ = {
			isa = PBXGroup;
			children = (
				A636C52E232BE8E700695A25 /* NowPlayingViewModel.swift */,
			);
			path = ViewModels;
			sourceTree = "<group>";
		};
		A636C51A232BBE6600695A25 /* Utility */ = {
			isa = PBXGroup;
			children = (
				A636C52C232BE88E00695A25 /* AlertDisplayer.swift */,
				A636C537232BF15F00695A25 /* UIImageView+Extension.swift */,
			);
			path = Utility;
			sourceTree = "<group>";
		};
		A636C51B232BBEAB00695A25 /* Networking */ = {
			isa = PBXGroup;
			children = (
				A636C51C232BBECC00695A25 /* DataResponseError.swift */,
				A636C51E232BBEEE00695A25 /* NetworkClient.swift */,
				A636C526232BC63900695A25 /* API_URLS.swift */,
			);
			path = Networking;
			sourceTree = "<group>";
		};
		A636C532232BF0DB00695A25 /* Views */ = {
			isa = PBXGroup;
			children = (
				A636C533232BF10100695A25 /* MovieCollectionViewCell.swift */,
				A636C534232BF10100695A25 /* MovieCollectionViewCell.xib */,
			);
			path = Views;
			sourceTree = "<group>";
		};
/* End PBXGroup section */

/* Begin PBXNativeTarget section */
		A636C4F2232BBD7100695A25 /* Movies */ = {
			isa = PBXNativeTarget;
			buildConfigurationList = A636C510232BBD7200695A25 /* Build configuration list for PBXNativeTarget "Movies" */;
			buildPhases = (
				A636C4EF232BBD7100695A25 /* Sources */,
				A636C4F0232BBD7100695A25 /* Frameworks */,
				A636C4F1232BBD7100695A25 /* Resources */,
			);
			buildRules = (
			);
			dependencies = (
			);
			name = Movies;
			productName = Movies;
			productReference = A636C4F3232BBD7100695A25 /* Movies.app */;
			productType = "com.apple.product-type.application";
		};
		A636C506232BBD7200695A25 /* MoviesTests */ = {
			isa = PBXNativeTarget;
			buildConfigurationList = A636C513232BBD7200695A25 /* Build configuration list for PBXNativeTarget "MoviesTests" */;
			buildPhases = (
				A636C503232BBD7200695A25 /* Sources */,
				A636C504232BBD7200695A25 /* Frameworks */,
				A636C505232BBD7200695A25 /* Resources */,
			);
			buildRules = (
			);
			dependencies = (
				A636C509232BBD7200695A25 /* PBXTargetDependency */,
			);
			name = MoviesTests;
			productName = MoviesTests;
			productReference = A636C507232BBD7200695A25 /* MoviesTests.xctest */;
			productType = "com.apple.product-type.bundle.unit-test";
		};
/* End PBXNativeTarget section */

/* Begin PBXProject section */
		A636C4EB232BBD7100695A25 /* Project object */ = {
			isa = PBXProject;
			attributes = {
				LastSwiftUpdateCheck = 1030;
				LastUpgradeCheck = 1030;
				ORGANIZATIONNAME = "Hassan Gadou";
				TargetAttributes = {
					A636C4F2232BBD7100695A25 = {
						CreatedOnToolsVersion = 10.3;
					};
					A636C506232BBD7200695A25 = {
						CreatedOnToolsVersion = 10.3;
						TestTargetID = A636C4F2232BBD7100695A25;
					};
				};
			};
			buildConfigurationList = A636C4EE232BBD7100695A25 /* Build configuration list for PBXProject "Movies" */;
			compatibilityVersion = "Xcode 9.3";
			developmentRegion = en;
			hasScannedForEncodings = 0;
			knownRegions = (
				en,
				Base,
			);
			mainGroup = A636C4EA232BBD7100695A25;
			productRefGroup = A636C4F4232BBD7100695A25 /* Products */;
			projectDirPath = "";
			projectRoot = "";
			targets = (
				A636C4F2232BBD7100695A25 /* Movies */,
				A636C506232BBD7200695A25 /* MoviesTests */,
			);
		};
/* End PBXProject section */

/* Begin PBXResourcesBuildPhase section */
		A636C4F1232BBD7100695A25 /* Resources */ = {
			isa = PBXResourcesBuildPhase;
			buildActionMask = 2147483647;
			files = (
				A636C501232BBD7100695A25 /* LaunchScreen.storyboard in Resources */,
				A636C4FE232BBD7100695A25 /* Assets.xcassets in Resources */,
				A636C4FC232BBD7100695A25 /* Main.storyboard in Resources */,
				A636C536232BF10100695A25 /* MovieCollectionViewCell.xib in Resources */,
			);
			runOnlyForDeploymentPostprocessing = 0;
		};
		A636C505232BBD7200695A25 /* Resources */ = {
			isa = PBXResourcesBuildPhase;
			buildActionMask = 2147483647;
			files = (
			);
			runOnlyForDeploymentPostprocessing = 0;
		};
/* End PBXResourcesBuildPhase section */

/* Begin PBXSourcesBuildPhase section */
		A636C4EF232BBD7100695A25 /* Sources */ = {
			isa = PBXSourcesBuildPhase;
			buildActionMask = 2147483647;
			files = (
				A636C527232BC63900695A25 /* API_URLS.swift in Sources */,
				A636C521232BC15C00695A25 /* Movies.swift in Sources */,
				A636C538232BF15F00695A25 /* UIImageView+Extension.swift in Sources */,
				A636C51D232BBECC00695A25 /* DataResponseError.swift in Sources */,
				A636C535232BF10100695A25 /* MovieCollectionViewCell.swift in Sources */,
				A636C523232BC17C00695A25 /* Movie.swift in Sources */,
				A636C52F232BE8E700695A25 /* NowPlayingViewModel.swift in Sources */,
				A636C4F9232BBD7100695A25 /* MainViewController.swift in Sources */,
				A636C525232BC19000695A25 /* Dates.swift in Sources */,
				A636C52D232BE88E00695A25 /* AlertDisplayer.swift in Sources */,
				A636C53A232BF42200695A25 /* MovieDetailsViewController.swift in Sources */,
				A636C531232BEFE600695A25 /* BaseCollectionViewController.swift in Sources */,
				A636C4F7232BBD7100695A25 /* AppDelegate.swift in Sources */,
				A636C51F232BBEEE00695A25 /* NetworkClient.swift in Sources */,
			);
			runOnlyForDeploymentPostprocessing = 0;
		};
		A636C503232BBD7200695A25 /* Sources */ = {
			isa = PBXSourcesBuildPhase;
			buildActionMask = 2147483647;
			files = (
				A636C52B232BE3C400695A25 /* ViewModelsTests.swift in Sources */,
				A636C50C232BBD7200695A25 /* NetworkClientTests.swift in Sources */,
			);
			runOnlyForDeploymentPostprocessing = 0;
		};
/* End PBXSourcesBuildPhase section */

/* Begin PBXTargetDependency section */
		A636C509232BBD7200695A25 /* PBXTargetDependency */ = {
			isa = PBXTargetDependency;
			target = A636C4F2232BBD7100695A25 /* Movies */;
			targetProxy = A636C508232BBD7200695A25 /* PBXContainerItemProxy */;
		};
/* End PBXTargetDependency section */

/* Begin PBXVariantGroup section */
		A636C4FA232BBD7100695A25 /* Main.storyboard */ = {
			isa = PBXVariantGroup;
			children = (
				A636C4FB232BBD7100695A25 /* Base */,
			);
			name = Main.storyboard;
			sourceTree = "<group>";
		};
		A636C4FF232BBD7100695A25 /* LaunchScreen.storyboard */ = {
			isa = PBXVariantGroup;
			children = (
				A636C500232BBD7100695A25 /* Base */,
			);
			name = LaunchScreen.storyboard;
			sourceTree = "<group>";
		};
/* End PBXVariantGroup section */

/* Begin XCBuildConfiguration section */
		A636C50E232BBD7200695A25 /* Debug */ = {
			isa = XCBuildConfiguration;
			buildSettings = {
				ALWAYS_SEARCH_USER_PATHS = NO;
				CLANG_ANALYZER_NONNULL = YES;
				CLANG_ANALYZER_NUMBER_OBJECT_CONVERSION = YES_AGGRESSIVE;
				CLANG_CXX_LANGUAGE_STANDARD = "gnu++14";
				CLANG_CXX_LIBRARY = "libc++";
				CLANG_ENABLE_MODULES = YES;
				CLANG_ENABLE_OBJC_ARC = YES;
				CLANG_ENABLE_OBJC_WEAK = YES;
				CLANG_WARN_BLOCK_CAPTURE_AUTORELEASING = YES;
				CLANG_WARN_BOOL_CONVERSION = YES;
				CLANG_WARN_COMMA = YES;
				CLANG_WARN_CONSTANT_CONVERSION = YES;
				CLANG_WARN_DEPRECATED_OBJC_IMPLEMENTATIONS = YES;
				CLANG_WARN_DIRECT_OBJC_ISA_USAGE = YES_ERROR;
				CLANG_WARN_DOCUMENTATION_COMMENTS = YES;
				CLANG_WARN_EMPTY_BODY = YES;
				CLANG_WARN_ENUM_CONVERSION = YES;
				CLANG_WARN_INFINITE_RECURSION = YES;
				CLANG_WARN_INT_CONVERSION = YES;
				CLANG_WARN_NON_LITERAL_NULL_CONVERSION = YES;
				CLANG_WARN_OBJC_IMPLICIT_RETAIN_SELF = YES;
				CLANG_WARN_OBJC_LITERAL_CONVERSION = YES;
				CLANG_WARN_OBJC_ROOT_CLASS = YES_ERROR;
				CLANG_WARN_RANGE_LOOP_ANALYSIS = YES;
				CLANG_WARN_STRICT_PROTOTYPES = YES;
				CLANG_WARN_SUSPICIOUS_MOVE = YES;
				CLANG_WARN_UNGUARDED_AVAILABILITY = YES_AGGRESSIVE;
				CLANG_WARN_UNREACHABLE_CODE = YES;
				CLANG_WARN__DUPLICATE_METHOD_MATCH = YES;
				CODE_SIGN_IDENTITY = "iPhone Developer";
				COPY_PHASE_STRIP = NO;
				DEBUG_INFORMATION_FORMAT = dwarf;
				ENABLE_STRICT_OBJC_MSGSEND = YES;
				ENABLE_TESTABILITY = YES;
				GCC_C_LANGUAGE_STANDARD = gnu11;
				GCC_DYNAMIC_NO_PIC = NO;
				GCC_NO_COMMON_BLOCKS = YES;
				GCC_OPTIMIZATION_LEVEL = 0;
				GCC_PREPROCESSOR_DEFINITIONS = (
					"DEBUG=1",
					"$(inherited)",
				);
				GCC_WARN_64_TO_32_BIT_CONVERSION = YES;
				GCC_WARN_ABOUT_RETURN_TYPE = YES_ERROR;
				GCC_WARN_UNDECLARED_SELECTOR = YES;
				GCC_WARN_UNINITIALIZED_AUTOS = YES_AGGRESSIVE;
				GCC_WARN_UNUSED_FUNCTION = YES;
				GCC_WARN_UNUSED_VARIABLE = YES;
				IPHONEOS_DEPLOYMENT_TARGET = 12.4;
				MTL_ENABLE_DEBUG_INFO = INCLUDE_SOURCE;
				MTL_FAST_MATH = YES;
				ONLY_ACTIVE_ARCH = YES;
				SDKROOT = iphoneos;
				SWIFT_ACTIVE_COMPILATION_CONDITIONS = DEBUG;
				SWIFT_OPTIMIZATION_LEVEL = "-Onone";
			};
			name = Debug;
		};
		A636C50F232BBD7200695A25 /* Release */ = {
			isa = XCBuildConfiguration;
			buildSettings = {
				ALWAYS_SEARCH_USER_PATHS = NO;
				CLANG_ANALYZER_NONNULL = YES;
				CLANG_ANALYZER_NUMBER_OBJECT_CONVERSION = YES_AGGRESSIVE;
				CLANG_CXX_LANGUAGE_STANDARD = "gnu++14";
				CLANG_CXX_LIBRARY = "libc++";
				CLANG_ENABLE_MODULES = YES;
				CLANG_ENABLE_OBJC_ARC = YES;
				CLANG_ENABLE_OBJC_WEAK = YES;
				CLANG_WARN_BLOCK_CAPTURE_AUTORELEASING = YES;
				CLANG_WARN_BOOL_CONVERSION = YES;
				CLANG_WARN_COMMA = YES;
				CLANG_WARN_CONSTANT_CONVERSION = YES;
				CLANG_WARN_DEPRECATED_OBJC_IMPLEMENTATIONS = YES;
				CLANG_WARN_DIRECT_OBJC_ISA_USAGE = YES_ERROR;
				CLANG_WARN_DOCUMENTATION_COMMENTS = YES;
				CLANG_WARN_EMPTY_BODY = YES;
				CLANG_WARN_ENUM_CONVERSION = YES;
				CLANG_WARN_INFINITE_RECURSION = YES;
				CLANG_WARN_INT_CONVERSION = YES;
				CLANG_WARN_NON_LITERAL_NULL_CONVERSION = YES;
				CLANG_WARN_OBJC_IMPLICIT_RETAIN_SELF = YES;
				CLANG_WARN_OBJC_LITERAL_CONVERSION = YES;
				CLANG_WARN_OBJC_ROOT_CLASS = YES_ERROR;
				CLANG_WARN_RANGE_LOOP_ANALYSIS = YES;
				CLANG_WARN_STRICT_PROTOTYPES = YES;
				CLANG_WARN_SUSPICIOUS_MOVE = YES;
				CLANG_WARN_UNGUARDED_AVAILABILITY = YES_AGGRESSIVE;
				CLANG_WARN_UNREACHABLE_CODE = YES;
				CLANG_WARN__DUPLICATE_METHOD_MATCH = YES;
				CODE_SIGN_IDENTITY = "iPhone Developer";
				COPY_PHASE_STRIP = NO;
				DEBUG_INFORMATION_FORMAT = "dwarf-with-dsym";
				ENABLE_NS_ASSERTIONS = NO;
				ENABLE_STRICT_OBJC_MSGSEND = YES;
				GCC_C_LANGUAGE_STANDARD = gnu11;
				GCC_NO_COMMON_BLOCKS = YES;
				GCC_WARN_64_TO_32_BIT_CONVERSION = YES;
				GCC_WARN_ABOUT_RETURN_TYPE = YES_ERROR;
				GCC_WARN_UNDECLARED_SELECTOR = YES;
				GCC_WARN_UNINITIALIZED_AUTOS = YES_AGGRESSIVE;
				GCC_WARN_UNUSED_FUNCTION = YES;
				GCC_WARN_UNUSED_VARIABLE = YES;
				IPHONEOS_DEPLOYMENT_TARGET = 12.4;
				MTL_ENABLE_DEBUG_INFO = NO;
				MTL_FAST_MATH = YES;
				SDKROOT = iphoneos;
				SWIFT_COMPILATION_MODE = wholemodule;
				SWIFT_OPTIMIZATION_LEVEL = "-O";
				VALIDATE_PRODUCT = YES;
			};
			name = Release;
		};
		A636C511232BBD7200695A25 /* Debug */ = {
			isa = XCBuildConfiguration;
			buildSettings = {
				ASSETCATALOG_COMPILER_APPICON_NAME = AppIcon;
				CODE_SIGN_STYLE = Automatic;
				DEVELOPMENT_TEAM = WJ67494MPH;
				INFOPLIST_FILE = Movies/Info.plist;
				LD_RUNPATH_SEARCH_PATHS = (
					"$(inherited)",
					"@executable_path/Frameworks",
				);
				PRODUCT_BUNDLE_IDENTIFIER = "Hassan-Gadou.Movies";
				PRODUCT_NAME = "$(TARGET_NAME)";
				SWIFT_VERSION = 5.0;
				TARGETED_DEVICE_FAMILY = "1,2";
			};
			name = Debug;
		};
		A636C512232BBD7200695A25 /* Release */ = {
			isa = XCBuildConfiguration;
			buildSettings = {
				ASSETCATALOG_COMPILER_APPICON_NAME = AppIcon;
				CODE_SIGN_STYLE = Automatic;
				DEVELOPMENT_TEAM = WJ67494MPH;
				INFOPLIST_FILE = Movies/Info.plist;
				LD_RUNPATH_SEARCH_PATHS = (
					"$(inherited)",
					"@executable_path/Frameworks",
				);
				PRODUCT_BUNDLE_IDENTIFIER = "Hassan-Gadou.Movies";
				PRODUCT_NAME = "$(TARGET_NAME)";
				SWIFT_VERSION = 5.0;
				TARGETED_DEVICE_FAMILY = "1,2";
			};
			name = Release;
		};
		A636C514232BBD7200695A25 /* Debug */ = {
			isa = XCBuildConfiguration;
			buildSettings = {
				ALWAYS_EMBED_SWIFT_STANDARD_LIBRARIES = YES;
				BUNDLE_LOADER = "$(TEST_HOST)";
				CODE_SIGN_STYLE = Automatic;
				DEVELOPMENT_TEAM = WJ67494MPH;
				INFOPLIST_FILE = MoviesTests/Info.plist;
				LD_RUNPATH_SEARCH_PATHS = (
					"$(inherited)",
					"@executable_path/Frameworks",
					"@loader_path/Frameworks",
				);
				PRODUCT_BUNDLE_IDENTIFIER = "Hassan-Gadou.MoviesTests";
				PRODUCT_NAME = "$(TARGET_NAME)";
				SWIFT_VERSION = 5.0;
				TARGETED_DEVICE_FAMILY = "1,2";
				TEST_HOST = "$(BUILT_PRODUCTS_DIR)/Movies.app/Movies";
			};
			name = Debug;
		};
		A636C515232BBD7200695A25 /* Release */ = {
			isa = XCBuildConfiguration;
			buildSettings = {
				ALWAYS_EMBED_SWIFT_STANDARD_LIBRARIES = YES;
				BUNDLE_LOADER = "$(TEST_HOST)";
				CODE_SIGN_STYLE = Automatic;
				DEVELOPMENT_TEAM = WJ67494MPH;
				INFOPLIST_FILE = MoviesTests/Info.plist;
				LD_RUNPATH_SEARCH_PATHS = (
					"$(inherited)",
					"@executable_path/Frameworks",
					"@loader_path/Frameworks",
				);
				PRODUCT_BUNDLE_IDENTIFIER = "Hassan-Gadou.MoviesTests";
				PRODUCT_NAME = "$(TARGET_NAME)";
				SWIFT_VERSION = 5.0;
				TARGETED_DEVICE_FAMILY = "1,2";
				TEST_HOST = "$(BUILT_PRODUCTS_DIR)/Movies.app/Movies";
			};
			name = Release;
		};
/* End XCBuildConfiguration section */

/* Begin XCConfigurationList section */
		A636C4EE232BBD7100695A25 /* Build configuration list for PBXProject "Movies" */ = {
			isa = XCConfigurationList;
			buildConfigurations = (
				A636C50E232BBD7200695A25 /* Debug */,
				A636C50F232BBD7200695A25 /* Release */,
			);
			defaultConfigurationIsVisible = 0;
			defaultConfigurationName = Release;
		};
		A636C510232BBD7200695A25 /* Build configuration list for PBXNativeTarget "Movies" */ = {
			isa = XCConfigurationList;
			buildConfigurations = (
				A636C511232BBD7200695A25 /* Debug */,
				A636C512232BBD7200695A25 /* Release */,
			);
			defaultConfigurationIsVisible = 0;
			defaultConfigurationName = Release;
		};
		A636C513232BBD7200695A25 /* Build configuration list for PBXNativeTarget "MoviesTests" */ = {
			isa = XCConfigurationList;
			buildConfigurations = (
				A636C514232BBD7200695A25 /* Debug */,
				A636C515232BBD7200695A25 /* Release */,
			);
			defaultConfigurationIsVisible = 0;
			defaultConfigurationName = Release;
		};
/* End XCConfigurationList section */
	};
	rootObject = A636C4EB232BBD7100695A25 /* Project object */;
}
